
Microsoft Visual Studio Solution File, Format Version 12.00
# Visual Studio Express 2013 for Windows Desktop
VisualStudioVersion = 12.0.30723.0
MinimumVisualStudioVersion = 10.0.40219.1
Project("{FAE04EC0-301F-11D3-BF4B-00C04F79EFBC}") = "StreakGUI", "StreakGUI\StreakGUI.csproj", "{E66FCA44-7592-4AA8-9214-5FB32C65B5F9}"
EndProject
Project("{FAE04EC0-301F-11D3-BF4B-00C04F79EFBC}") = "StreakShared", "StreakShared\StreakShared.csproj", "{D0E93887-DE4B-447E-9ED4-BAE4D79E7C81}"
EndProject
Project("{2150E333-8FDC-42A3-9474-1A3956D46DE8}") = "Solution Items", "Solution Items", "{9BABE72A-25D1-40B2-869B-B3B1E62A58EC}"
	ProjectSection(SolutionItems) = preProject
		.gitignore = .gitignore
		LICENSE = LICENSE
		README.md = README.md
	EndProjectSection
EndProject
Project("{FAE04EC0-301F-11D3-BF4B-00C04F79EFBC}") = "StreakTests", "StreakTests\StreakTests.csproj", "{A91ECA3F-E956-4887-BD19-CC7F8D89CEFA}"
EndProject
Project("{FAE04EC0-301F-11D3-BF4B-00C04F79EFBC}") = "StreakCLI", "StreakCLI\StreakCLI.csproj", "{754441E4-512F-4116-9F48-281DD3633C0C}"
EndProject
Global
	GlobalSection(SolutionConfigurationPlatforms) = preSolution
		Debug|Any CPU = Debug|Any CPU
		Release|Any CPU = Release|Any CPU
	EndGlobalSection
	GlobalSection(ProjectConfigurationPlatforms) = postSolution
		{E66FCA44-7592-4AA8-9214-5FB32C65B5F9}.Debug|Any CPU.ActiveCfg = Debug|Any CPU
		{E66FCA44-7592-4AA8-9214-5FB32C65B5F9}.Debug|Any CPU.Build.0 = Debug|Any CPU
		{E66FCA44-7592-4AA8-9214-5FB32C65B5F9}.Release|Any CPU.ActiveCfg = Release|Any CPU
		{E66FCA44-7592-4AA8-9214-5FB32C65B5F9}.Release|Any CPU.Build.0 = Release|Any CPU
		{D0E93887-DE4B-447E-9ED4-BAE4D79E7C81}.Debug|Any CPU.ActiveCfg = Debug|Any CPU
		{D0E93887-DE4B-447E-9ED4-BAE4D79E7C81}.Debug|Any CPU.Build.0 = Debug|Any CPU
		{D0E93887-DE4B-447E-9ED4-BAE4D79E7C81}.Release|Any CPU.ActiveCfg = Release|Any CPU
		{D0E93887-DE4B-447E-9ED4-BAE4D79E7C81}.Release|Any CPU.Build.0 = Release|Any CPU
		{A91ECA3F-E956-4887-BD19-CC7F8D89CEFA}.Debug|Any CPU.ActiveCfg = Debug|Any CPU
		{A91ECA3F-E956-4887-BD19-CC7F8D89CEFA}.Debug|Any CPU.Build.0 = Debug|Any CPU
		{A91ECA3F-E956-4887-BD19-CC7F8D89CEFA}.Release|Any CPU.ActiveCfg = Release|Any CPU
		{A91ECA3F-E956-4887-BD19-CC7F8D89CEFA}.Release|Any CPU.Build.0 = Release|Any CPU
		{754441E4-512F-4116-9F48-281DD3633C0C}.Debug|Any CPU.ActiveCfg = Debug|Any CPU
		{754441E4-512F-4116-9F48-281DD3633C0C}.Debug|Any CPU.Build.0 = Debug|Any CPU
		{754441E4-512F-4116-9F48-281DD3633C0C}.Release|Any CPU.ActiveCfg = Release|Any CPU
		{754441E4-512F-4116-9F48-281DD3633C0C}.Release|Any CPU.Build.0 = Release|Any CPU
	EndGlobalSection
	GlobalSection(SolutionProperties) = preSolution
		HideSolutionNode = FALSE
	EndGlobalSection
EndGlobal
